
Microsoft Visual Studio Solution File, Format Version 12.00
# Visual Studio Version 16
VisualStudioVersion = 16.0.29806.167
MinimumVisualStudioVersion = 10.0.40219.1
Project("{FAE04EC0-301F-11D3-BF4B-00C04F79EFBC}") = "RSA", "RSA\RSA.csproj", "{43AD1227-21CE-4727-86D7-49696359D852}"
EndProject
Global
	GlobalSection(SolutionConfigurationPlatforms) = preSolution
		Debug|Any CPU = Debug|Any CPU
		Release|Any CPU = Release|Any CPU
	EndGlobalSection
	GlobalSection(ProjectConfigurationPlatforms) = postSolution
		{43AD1227-21CE-4727-86D7-49696359D852}.Debug|Any CPU.ActiveCfg = Debug|Any CPU
		{43AD1227-21CE-4727-86D7-49696359D852}.Debug|Any CPU.Build.0 = Debug|Any CPU
		{43AD1227-21CE-4727-86D7-49696359D852}.Release|Any CPU.ActiveCfg = Release|Any CPU
		{43AD1227-21CE-4727-86D7-49696359D852}.Release|Any CPU.Build.0 = Release|Any CPU
	EndGlobalSection
	GlobalSection(SolutionProperties) = preSolution
		HideSolutionNode = FALSE
	EndGlobalSection
	GlobalSection(ExtensibilityGlobals) = postSolution
		SolutionGuid = {EA0989FC-33C2-4ACD-B7DD-401C75EB96CC}
	EndGlobalSection
EndGlobal
